
Microsoft Visual Studio Solution File, Format Version 12.00
# Visual Studio Version 17
VisualStudioVersion = 17.11.35303.130
MinimumVisualStudioVersion = 10.0.40219.1
Project("{9A19103F-16F7-4668-BE54-9A1E7A4F7556}") = "ReviewAggregatorWebApp", "ReviewAggregatorWebApp\ReviewAggregatorWebApp.csproj", "{6106FBB4-0F77-498A-9E7C-64D991A42E94}"
EndProject
Project("{FAE04EC0-301F-11D3-BF4B-00C04F79EFBC}") = "ReviewAggregatorTests", "ReviewAggregatorTests\ReviewAggregatorTests.csproj", "{D2221DD6-B87B-4857-91D6-DE2A22BC72CC}"
EndProject
Global
	GlobalSection(SolutionConfigurationPlatforms) = preSolution
		Debug|Any CPU = Debug|Any CPU
		Release|Any CPU = Release|Any CPU
	EndGlobalSection
	GlobalSection(ProjectConfigurationPlatforms) = postSolution
		{6106FBB4-0F77-498A-9E7C-64D991A42E94}.Debug|Any CPU.ActiveCfg = Debug|Any CPU
		{6106FBB4-0F77-498A-9E7C-64D991A42E94}.Debug|Any CPU.Build.0 = Debug|Any CPU
		{6106FBB4-0F77-498A-9E7C-64D991A42E94}.Release|Any CPU.ActiveCfg = Release|Any CPU
		{6106FBB4-0F77-498A-9E7C-64D991A42E94}.Release|Any CPU.Build.0 = Release|Any CPU
		{D2221DD6-B87B-4857-91D6-DE2A22BC72CC}.Debug|Any CPU.ActiveCfg = Debug|Any CPU
		{D2221DD6-B87B-4857-91D6-DE2A22BC72CC}.Debug|Any CPU.Build.0 = Debug|Any CPU
		{D2221DD6-B87B-4857-91D6-DE2A22BC72CC}.Release|Any CPU.ActiveCfg = Release|Any CPU
		{D2221DD6-B87B-4857-91D6-DE2A22BC72CC}.Release|Any CPU.Build.0 = Release|Any CPU
	EndGlobalSection
	GlobalSection(SolutionProperties) = preSolution
		HideSolutionNode = FALSE
	EndGlobalSection
	GlobalSection(ExtensibilityGlobals) = postSolution
		SolutionGuid = {6E0ACA06-C621-4F4B-A75C-C0B3B7B858F0}
	EndGlobalSection
EndGlobal
